Microsoft Visual Studio Solution File, Format Version 12.00
# Visual Studio 2013
VisualStudioVersion = 12.0.30723.0
MinimumVisualStudioVersion = 10.0.40219.1
Project("{FAE04EC0-301F-11D3-BF4B-00C04F79EFBC}") = "AmazonSQS_Sample", "AmazonSQS_Sample\AmazonSQS_Sample.csproj", "{B35B77E8-ACB5-4DA2-B78F-C14E1F90BA89}"
EndProject
Project("{2150E333-8FDC-42A3-9474-1A3956D46DE8}") = ".nuget", ".nuget", "{C381963C-AAE9-4FF9-8BC6-9F651AF81FCE}"
	ProjectSection(SolutionItems) = preProject
		.nuget\NuGet.Config = .nuget\NuGet.Config
		.nuget\NuGet.exe = .nuget\NuGet.exe
		.nuget\NuGet.targets = .nuget\NuGet.targets
	EndProjectSection
EndProject
Global
	GlobalSection(SolutionConfigurationPlatforms) = preSolution
		Debug|Any CPU = Debug|Any CPU
		Release|Any CPU = Release|Any CPU
	EndGlobalSection
	GlobalSection(ProjectConfigurationPlatforms) = postSolution
		{B35B77E8-ACB5-4DA2-B78F-C14E1F90BA89}.Debug|Any CPU.ActiveCfg = Debug|Any CPU
		{B35B77E8-ACB5-4DA2-B78F-C14E1F90BA89}.Debug|Any CPU.Build.0 = Debug|Any CPU
		{B35B77E8-ACB5-4DA2-B78F-C14E1F90BA89}.Release|Any CPU.ActiveCfg = Release|Any CPU
		{B35B77E8-ACB5-4DA2-B78F-C14E1F90BA89}.Release|Any CPU.Build.0 = Release|Any CPU
	EndGlobalSection
	GlobalSection(SolutionProperties) = preSolution
		HideSolutionNode = FALSE
	EndGlobalSection
EndGlobal
